
Microsoft Visual Studio Solution File, Format Version 12.00
# Visual Studio 15
Project("{FAE04EC0-301F-11D3-BF4B-00C04F79EFBC}") = "TheSliderText.Android", "TheSliderText.Android\TheSliderText.Android.csproj", "{D517F56D-4516-43EB-B1BE-FBC1883A4EC5}"
EndProject
Project("{FAE04EC0-301F-11D3-BF4B-00C04F79EFBC}") = "TheSliderText.iOS", "TheSliderText.iOS\TheSliderText.iOS.csproj", "{E7ACEFD9-86A8-4810-8285-A6D0AE52F4B5}"
EndProject
Project("{FAE04EC0-301F-11D3-BF4B-00C04F79EFBC}") = "TheSliderText", "TheSliderText\TheSliderText.csproj", "{005167D6-90DA-41C0-9368-818E10202B79}"
EndProject
Global
	GlobalSection(SolutionConfigurationPlatforms) = preSolution
		Debug|Any CPU = Debug|Any CPU
		Release|Any CPU = Release|Any CPU
		Debug|iPhoneSimulator = Debug|iPhoneSimulator
		Release|iPhoneSimulator = Release|iPhoneSimulator
		Debug|iPhone = Debug|iPhone
		Release|iPhone = Release|iPhone
	EndGlobalSection
	GlobalSection(ProjectConfigurationPlatforms) = postSolution
		{D517F56D-4516-43EB-B1BE-FBC1883A4EC5}.Debug|Any CPU.ActiveCfg = Debug|Any CPU
		{D517F56D-4516-43EB-B1BE-FBC1883A4EC5}.Debug|Any CPU.Build.0 = Debug|Any CPU
		{D517F56D-4516-43EB-B1BE-FBC1883A4EC5}.Release|Any CPU.ActiveCfg = Release|Any CPU
		{D517F56D-4516-43EB-B1BE-FBC1883A4EC5}.Release|Any CPU.Build.0 = Release|Any CPU
		{D517F56D-4516-43EB-B1BE-FBC1883A4EC5}.Debug|iPhoneSimulator.ActiveCfg = Debug|Any CPU
		{D517F56D-4516-43EB-B1BE-FBC1883A4EC5}.Debug|iPhoneSimulator.Build.0 = Debug|Any CPU
		{D517F56D-4516-43EB-B1BE-FBC1883A4EC5}.Release|iPhoneSimulator.ActiveCfg = Release|Any CPU
		{D517F56D-4516-43EB-B1BE-FBC1883A4EC5}.Release|iPhoneSimulator.Build.0 = Release|Any CPU
		{D517F56D-4516-43EB-B1BE-FBC1883A4EC5}.Debug|iPhone.ActiveCfg = Debug|Any CPU
		{D517F56D-4516-43EB-B1BE-FBC1883A4EC5}.Debug|iPhone.Build.0 = Debug|Any CPU
		{D517F56D-4516-43EB-B1BE-FBC1883A4EC5}.Release|iPhone.ActiveCfg = Release|Any CPU
		{D517F56D-4516-43EB-B1BE-FBC1883A4EC5}.Release|iPhone.Build.0 = Release|Any CPU
		{E7ACEFD9-86A8-4810-8285-A6D0AE52F4B5}.Debug|Any CPU.ActiveCfg = Debug|iPhoneSimulator
		{E7ACEFD9-86A8-4810-8285-A6D0AE52F4B5}.Debug|Any CPU.Build.0 = Debug|iPhoneSimulator
		{E7ACEFD9-86A8-4810-8285-A6D0AE52F4B5}.Release|Any CPU.ActiveCfg = Release|iPhoneSimulator
		{E7ACEFD9-86A8-4810-8285-A6D0AE52F4B5}.Release|Any CPU.Build.0 = Release|iPhoneSimulator
		{E7ACEFD9-86A8-4810-8285-A6D0AE52F4B5}.Debug|iPhoneSimulator.ActiveCfg = Debug|iPhoneSimulator
		{E7ACEFD9-86A8-4810-8285-A6D0AE52F4B5}.Debug|iPhoneSimulator.Build.0 = Debug|iPhoneSimulator
		{E7ACEFD9-86A8-4810-8285-A6D0AE52F4B5}.Release|iPhoneSimulator.ActiveCfg = Release|iPhoneSimulator
		{E7ACEFD9-86A8-4810-8285-A6D0AE52F4B5}.Release|iPhoneSimulator.Build.0 = Release|iPhoneSimulator
		{E7ACEFD9-86A8-4810-8285-A6D0AE52F4B5}.Debug|iPhone.ActiveCfg = Debug|iPhone
		{E7ACEFD9-86A8-4810-8285-A6D0AE52F4B5}.Debug|iPhone.Build.0 = Debug|iPhone
		{E7ACEFD9-86A8-4810-8285-A6D0AE52F4B5}.Release|iPhone.ActiveCfg = Release|iPhone
		{E7ACEFD9-86A8-4810-8285-A6D0AE52F4B5}.Release|iPhone.Build.0 = Release|iPhone
		{005167D6-90DA-41C0-9368-818E10202B79}.Debug|Any CPU.ActiveCfg = Debug|Any CPU
		{005167D6-90DA-41C0-9368-818E10202B79}.Debug|Any CPU.Build.0 = Debug|Any CPU
		{005167D6-90DA-41C0-9368-818E10202B79}.Release|Any CPU.ActiveCfg = Release|Any CPU
		{005167D6-90DA-41C0-9368-818E10202B79}.Release|Any CPU.Build.0 = Release|Any CPU
		{005167D6-90DA-41C0-9368-818E10202B79}.Debug|iPhoneSimulator.ActiveCfg = Debug|Any CPU
		{005167D6-90DA-41C0-9368-818E10202B79}.Debug|iPhoneSimulator.Build.0 = Debug|Any CPU
		{005167D6-90DA-41C0-9368-818E10202B79}.Release|iPhoneSimulator.ActiveCfg = Release|Any CPU
		{005167D6-90DA-41C0-9368-818E10202B79}.Release|iPhoneSimulator.Build.0 = Release|Any CPU
		{005167D6-90DA-41C0-9368-818E10202B79}.Debug|iPhone.ActiveCfg = Debug|Any CPU
		{005167D6-90DA-41C0-9368-818E10202B79}.Debug|iPhone.Build.0 = Debug|Any CPU
		{005167D6-90DA-41C0-9368-818E10202B79}.Release|iPhone.ActiveCfg = Release|Any CPU
		{005167D6-90DA-41C0-9368-818E10202B79}.Release|iPhone.Build.0 = Release|Any CPU
	EndGlobalSection
EndGlobal
